// !$*UTF8*$!
{
	archiveVersion = 1;
	classes = {
	};
	objectVersion = 56;
	objects = {

/* Begin PBXBuildFile section */
		263B9B4E2A8E285600E81F3A /* AppDelegate.swift in Sources */ = {isa = PBXBuildFile; fileRef = 263B9B4D2A8E285600E81F3A /* AppDelegate.swift */; };
		263B9B502A8E285600E81F3A /* SceneDelegate.swift in Sources */ = {isa = PBXBuildFile; fileRef = 263B9B4F2A8E285600E81F3A /* SceneDelegate.swift */; };
		263B9B522A8E285600E81F3A /* ViewController.swift in Sources */ = {isa = PBXBuildFile; fileRef = 263B9B512A8E285600E81F3A /* ViewController.swift */; };
		263B9B552A8E285600E81F3A /* Main.storyboard in Resources */ = {isa = PBXBuildFile; fileRef = 263B9B532A8E285600E81F3A /* Main.storyboard */; };
		263B9B572A8E285800E81F3A /* Assets.xcassets in Resources */ = {isa = PBXBuildFile; fileRef = 263B9B562A8E285800E81F3A /* Assets.xcassets */; };
		263B9B5A2A8E285800E81F3A /* LaunchScreen.storyboard in Resources */ = {isa = PBXBuildFile; fileRef = 263B9B582A8E285800E81F3A /* LaunchScreen.storyboard */; };
		263B9B632A8E289200E81F3A /* CollectionViewCell.swift in Sources */ = {isa = PBXBuildFile; fileRef = 263B9B612A8E289200E81F3A /* CollectionViewCell.swift */; };
		263B9B642A8E289200E81F3A /* CollectionViewCell.xib in Resources */ = {isa = PBXBuildFile; fileRef = 263B9B622A8E289200E81F3A /* CollectionViewCell.xib */; };
		263B9B672A8E28F100E81F3A /* HeaderCollectionReusableView.swift in Sources */ = {isa = PBXBuildFile; fileRef = 263B9B652A8E28F100E81F3A /* HeaderCollectionReusableView.swift */; };
		263B9B682A8E28F100E81F3A /* HeaderCollectionReusableView.xib in Resources */ = {isa = PBXBuildFile; fileRef = 263B9B662A8E28F100E81F3A /* HeaderCollectionReusableView.xib */; };
		263B9B6A2A8E295C00E81F3A /* ReusableProtocol.swift in Sources */ = {isa = PBXBuildFile; fileRef = 263B9B692A8E295C00E81F3A /* ReusableProtocol.swift */; };
		263B9B6C2A8E2A9E00E81F3A /* WitcherEpisode.swift in Sources */ = {isa = PBXBuildFile; fileRef = 263B9B6B2A8E2A9E00E81F3A /* WitcherEpisode.swift */; };
		263B9B6E2A8E2AFE00E81F3A /* WitcherManager.swift in Sources */ = {isa = PBXBuildFile; fileRef = 263B9B6D2A8E2AFE00E81F3A /* WitcherManager.swift */; };
		263B9B712A8E2B2100E81F3A /* Alamofire in Frameworks */ = {isa = PBXBuildFile; productRef = 263B9B702A8E2B2100E81F3A /* Alamofire */; };
		263B9B742A8E2B2B00E81F3A /* Kingfisher in Frameworks */ = {isa = PBXBuildFile; productRef = 263B9B732A8E2B2B00E81F3A /* Kingfisher */; };
		263B9B762A8E2B7C00E81F3A /* .gitignore in Resources */ = {isa = PBXBuildFile; fileRef = 263B9B752A8E2B7C00E81F3A /* .gitignore */; };
/* End PBXBuildFile section */

/* Begin PBXFileReference section */
		263B9B4A2A8E285600E81F3A /* TMDBTVSeasonExample.app */ = {isa = PBXFileReference; explicitFileType = wrapper.application; includeInIndex = 0; path = TMDBTVSeasonExample.app; sourceTree = BUILT_PRODUCTS_DIR; };
		263B9B4D2A8E285600E81F3A /* AppDelegate.swift */ = {isa = PBXFileReference; lastKnownFileType = sourcecode.swift; path = AppDelegate.swift; sourceTree = "<group>"; };
		263B9B4F2A8E285600E81F3A /* SceneDelegate.swift */ = {isa = PBXFileReference; lastKnownFileType = sourcecode.swift; path = SceneDelegate.swift; sourceTree = "<group>"; };
		263B9B512A8E285600E81F3A /* ViewController.swift */ = {isa = PBXFileReference; lastKnownFileType = sourcecode.swift; path = ViewController.swift; sourceTree = "<group>"; };
		263B9B542A8E285600E81F3A /* Base */ = {isa = PBXFileReference; lastKnownFileType = file.storyboard; name = Base; path = Base.lproj/Main.storyboard; sourceTree = "<group>"; };
		263B9B562A8E285800E81F3A /* Assets.xcassets */ = {isa = PBXFileReference; lastKnownFileType = folder.assetcatalog; path = Assets.xcassets; sourceTree = "<group>"; };
		263B9B592A8E285800E81F3A /* Base */ = {isa = PBXFileReference; lastKnownFileType = file.storyboard; name = Base; path = Base.lproj/LaunchScreen.storyboard; sourceTree = "<group>"; };
		263B9B5B2A8E285800E81F3A /* Info.plist */ = {isa = PBXFileReference; lastKnownFileType = text.plist.xml; path = Info.plist; sourceTree = "<group>"; };
		263B9B612A8E289200E81F3A /* CollectionViewCell.swift */ = {isa = PBXFileReference; lastKnownFileType = sourcecode.swift; path = CollectionViewCell.swift; sourceTree = "<group>"; };
		263B9B622A8E289200E81F3A /* CollectionViewCell.xib */ = {isa = PBXFileReference; lastKnownFileType = file.xib; path = CollectionViewCell.xib; sourceTree = "<group>"; };
		263B9B652A8E28F100E81F3A /* HeaderCollectionReusableView.swift */ = {isa = PBXFileReference; lastKnownFileType = sourcecode.swift; path = HeaderCollectionReusableView.swift; sourceTree = "<group>"; };
		263B9B662A8E28F100E81F3A /* HeaderCollectionReusableView.xib */ = {isa = PBXFileReference; lastKnownFileType = file.xib; path = HeaderCollectionReusableView.xib; sourceTree = "<group>"; };
		263B9B692A8E295C00E81F3A /* ReusableProtocol.swift */ = {isa = PBXFileReference; lastKnownFileType = sourcecode.swift; path = ReusableProtocol.swift; sourceTree = "<group>"; };
		263B9B6B2A8E2A9E00E81F3A /* WitcherEpisode.swift */ = {isa = PBXFileReference; lastKnownFileType = sourcecode.swift; path = WitcherEpisode.swift; sourceTree = "<group>"; };
		263B9B6D2A8E2AFE00E81F3A /* WitcherManager.swift */ = {isa = PBXFileReference; lastKnownFileType = sourcecode.swift; path = WitcherManager.swift; sourceTree = "<group>"; };
		263B9B752A8E2B7C00E81F3A /* .gitignore */ = {isa = PBXFileReference; lastKnownFileType = text; path = .gitignore; sourceTree = "<group>"; };
/* End PBXFileReference section */

/* Begin PBXFrameworksBuildPhase section */
		263B9B472A8E285600E81F3A /* Frameworks */ = {
			isa = PBXFrameworksBuildPhase;
			buildActionMask = 2147483647;
			files = (
				263B9B742A8E2B2B00E81F3A /* Kingfisher in Frameworks */,
				263B9B712A8E2B2100E81F3A /* Alamofire in Frameworks */,
			);
			runOnlyForDeploymentPostprocessing = 0;
		};
/* End PBXFrameworksBuildPhase section */

/* Begin PBXGroup section */
		263B9B412A8E285600E81F3A = {
			isa = PBXGroup;
			children = (
				263B9B4C2A8E285600E81F3A /* TMDBTVSeasonExample */,
				263B9B4B2A8E285600E81F3A /* Products */,
			);
			sourceTree = "<group>";
		};
		263B9B4B2A8E285600E81F3A /* Products */ = {
			isa = PBXGroup;
			children = (
				263B9B4A2A8E285600E81F3A /* TMDBTVSeasonExample.app */,
			);
			name = Products;
			sourceTree = "<group>";
		};
		263B9B4C2A8E285600E81F3A /* TMDBTVSeasonExample */ = {
			isa = PBXGroup;
			children = (
				263B9B4D2A8E285600E81F3A /* AppDelegate.swift */,
				263B9B4F2A8E285600E81F3A /* SceneDelegate.swift */,
				263B9B512A8E285600E81F3A /* ViewController.swift */,
				263B9B532A8E285600E81F3A /* Main.storyboard */,
				263B9B562A8E285800E81F3A /* Assets.xcassets */,
				263B9B582A8E285800E81F3A /* LaunchScreen.storyboard */,
				263B9B5B2A8E285800E81F3A /* Info.plist */,
				263B9B612A8E289200E81F3A /* CollectionViewCell.swift */,
				263B9B622A8E289200E81F3A /* CollectionViewCell.xib */,
				263B9B652A8E28F100E81F3A /* HeaderCollectionReusableView.swift */,
				263B9B662A8E28F100E81F3A /* HeaderCollectionReusableView.xib */,
				263B9B692A8E295C00E81F3A /* ReusableProtocol.swift */,
				263B9B6B2A8E2A9E00E81F3A /* WitcherEpisode.swift */,
				263B9B6D2A8E2AFE00E81F3A /* WitcherManager.swift */,
				263B9B752A8E2B7C00E81F3A /* .gitignore */,
			);
			path = TMDBTVSeasonExample;
			sourceTree = "<group>";
		};
/* End PBXGroup section */

/* Begin PBXNativeTarget section */
		263B9B492A8E285600E81F3A /* TMDBTVSeasonExample */ = {
			isa = PBXNativeTarget;
			buildConfigurationList = 263B9B5E2A8E285800E81F3A /* Build configuration list for PBXNativeTarget "TMDBTVSeasonExample" */;
			buildPhases = (
				263B9B462A8E285600E81F3A /* Sources */,
				263B9B472A8E285600E81F3A /* Frameworks */,
				263B9B482A8E285600E81F3A /* Resources */,
			);
			buildRules = (
			);
			dependencies = (
			);
			name = TMDBTVSeasonExample;
			packageProductDependencies = (
				263B9B702A8E2B2100E81F3A /* Alamofire */,
				263B9B732A8E2B2B00E81F3A /* Kingfisher */,
			);
			productName = TMDBTVSeasonExample;
			productReference = 263B9B4A2A8E285600E81F3A /* TMDBTVSeasonExample.app */;
			productType = "com.apple.product-type.application";
		};
/* End PBXNativeTarget section */

/* Begin PBXProject section */
		263B9B422A8E285600E81F3A /* Project object */ = {
			isa = PBXProject;
			attributes = {
				BuildIndependentTargetsInParallel = 1;
				LastSwiftUpdateCheck = 1430;
				LastUpgradeCheck = 1430;
				TargetAttributes = {
					263B9B492A8E285600E81F3A = {
						CreatedOnToolsVersion = 14.3.1;
					};
				};
			};
			buildConfigurationList = 263B9B452A8E285600E81F3A /* Build configuration list for PBXProject "TMDBTVSeasonExample" */;
			compatibilityVersion = "Xcode 14.0";
			developmentRegion = en;
			hasScannedForEncodings = 0;
			knownRegions = (
				en,
				Base,
			);
			mainGroup = 263B9B412A8E285600E81F3A;
			packageReferences = (
				263B9B6F2A8E2B2100E81F3A /* XCRemoteSwiftPackageReference "Alamofire" */,
				263B9B722A8E2B2B00E81F3A /* XCRemoteSwiftPackageReference "Kingfisher" */,
			);
			productRefGroup = 263B9B4B2A8E285600E81F3A /* Products */;
			projectDirPath = "";
			projectRoot = "";
			targets = (
				263B9B492A8E285600E81F3A /* TMDBTVSeasonExample */,
			);
		};
/* End PBXProject section */

/* Begin PBXResourcesBuildPhase section */
		263B9B482A8E285600E81F3A /* Resources */ = {
			isa = PBXResourcesBuildPhase;
			buildActionMask = 2147483647;
			files = (
				263B9B5A2A8E285800E81F3A /* LaunchScreen.storyboard in Resources */,
				263B9B682A8E28F100E81F3A /* HeaderCollectionReusableView.xib in Resources */,
				263B9B572A8E285800E81F3A /* Assets.xcassets in Resources */,
				263B9B642A8E289200E81F3A /* CollectionViewCell.xib in Resources */,
				263B9B762A8E2B7C00E81F3A /* .gitignore in Resources */,
				263B9B552A8E285600E81F3A /* Main.storyboard in Resources */,
			);
			runOnlyForDeploymentPostprocessing = 0;
		};
/* End PBXResourcesBuildPhase section */

/* Begin PBXSourcesBuildPhase section */
		263B9B462A8E285600E81F3A /* Sources */ = {
			isa = PBXSourcesBuildPhase;
			buildActionMask = 2147483647;
			files = (
				263B9B6E2A8E2AFE00E81F3A /* WitcherManager.swift in Sources */,
				263B9B522A8E285600E81F3A /* ViewController.swift in Sources */,
				263B9B4E2A8E285600E81F3A /* AppDelegate.swift in Sources */,
				263B9B6C2A8E2A9E00E81F3A /* WitcherEpisode.swift in Sources */,
				263B9B6A2A8E295C00E81F3A /* ReusableProtocol.swift in Sources */,
				263B9B632A8E289200E81F3A /* CollectionViewCell.swift in Sources */,
				263B9B672A8E28F100E81F3A /* HeaderCollectionReusableView.swift in Sources */,
				263B9B502A8E285600E81F3A /* SceneDelegate.swift in Sources */,
			);
			runOnlyForDeploymentPostprocessing = 0;
		};
/* End PBXSourcesBuildPhase section */

/* Begin PBXVariantGroup section */
		263B9B532A8E285600E81F3A /* Main.storyboard */ = {
			isa = PBXVariantGroup;
			children = (
				263B9B542A8E285600E81F3A /* Base */,
			);
			name = Main.storyboard;
			sourceTree = "<group>";
		};
		263B9B582A8E285800E81F3A /* LaunchScreen.storyboard */ = {
			isa = PBXVariantGroup;
			children = (
				263B9B592A8E285800E81F3A /* Base */,
			);
			name = LaunchScreen.storyboard;
			sourceTree = "<group>";
		};
/* End PBXVariantGroup section */

/* Begin XCBuildConfiguration section */
		263B9B5C2A8E285800E81F3A /* Debug */ = {
			isa = XCBuildConfiguration;
			buildSettings = {
				ALWAYS_SEARCH_USER_PATHS = NO;
				CLANG_ANALYZER_NONNULL = YES;
				CLANG_ANALYZER_NUMBER_OBJECT_CONVERSION = YES_AGGRESSIVE;
				CLANG_CXX_LANGUAGE_STANDARD = "gnu++20";
				CLANG_ENABLE_MODULES = YES;
				CLANG_ENABLE_OBJC_ARC = YES;
				CLANG_ENABLE_OBJC_WEAK = YES;
				CLANG_WARN_BLOCK_CAPTURE_AUTORELEASING = YES;
				CLANG_WARN_BOOL_CONVERSION = YES;
				CLANG_WARN_COMMA = YES;
				CLANG_WARN_CONSTANT_CONVERSION = YES;
				CLANG_WARN_DEPRECATED_OBJC_IMPLEMENTATIONS = YES;
				CLANG_WARN_DIRECT_OBJC_ISA_USAGE = YES_ERROR;
				CLANG_WARN_DOCUMENTATION_COMMENTS = YES;
				CLANG_WARN_EMPTY_BODY = YES;
				CLANG_WARN_ENUM_CONVERSION = YES;
				CLANG_WARN_INFINITE_RECURSION = YES;
				CLANG_WARN_INT_CONVERSION = YES;
				CLANG_WARN_NON_LITERAL_NULL_CONVERSION = YES;
				CLANG_WARN_OBJC_IMPLICIT_RETAIN_SELF = YES;
				CLANG_WARN_OBJC_LITERAL_CONVERSION = YES;
				CLANG_WARN_OBJC_ROOT_CLASS = YES_ERROR;
				CLANG_WARN_QUOTED_INCLUDE_IN_FRAMEWORK_HEADER = YES;
				CLANG_WARN_RANGE_LOOP_ANALYSIS = YES;
				CLANG_WARN_STRICT_PROTOTYPES = YES;
				CLANG_WARN_SUSPICIOUS_MOVE = YES;
				CLANG_WARN_UNGUARDED_AVAILABILITY = YES_AGGRESSIVE;
				CLANG_WARN_UNREACHABLE_CODE = YES;
				CLANG_WARN__DUPLICATE_METHOD_MATCH = YES;
				COPY_PHASE_STRIP = NO;
				DEBUG_INFORMATION_FORMAT = dwarf;
				ENABLE_STRICT_OBJC_MSGSEND = YES;
				ENABLE_TESTABILITY = YES;
				GCC_C_LANGUAGE_STANDARD = gnu11;
				GCC_DYNAMIC_NO_PIC = NO;
				GCC_NO_COMMON_BLOCKS = YES;
				GCC_OPTIMIZATION_LEVEL = 0;
				GCC_PREPROCESSOR_DEFINITIONS = (
					"DEBUG=1",
					"$(inherited)",
				);
				GCC_WARN_64_TO_32_BIT_CONVERSION = YES;
				GCC_WARN_ABOUT_RETURN_TYPE = YES_ERROR;
				GCC_WARN_UNDECLARED_SELECTOR = YES;
				GCC_WARN_UNINITIALIZED_AUTOS = YES_AGGRESSIVE;
				GCC_WARN_UNUSED_FUNCTION = YES;
				GCC_WARN_UNUSED_VARIABLE = YES;
				IPHONEOS_DEPLOYMENT_TARGET = 16.4;
				MTL_ENABLE_DEBUG_INFO = INCLUDE_SOURCE;
				MTL_FAST_MATH = YES;
				ONLY_ACTIVE_ARCH = YES;
				SDKROOT = iphoneos;
				SWIFT_ACTIVE_COMPILATION_CONDITIONS = DEBUG;
				SWIFT_OPTIMIZATION_LEVEL = "-Onone";
			};
			name = Debug;
		};
		263B9B5D2A8E285800E81F3A /* Release */ = {
			isa = XCBuildConfiguration;
			buildSettings = {
				ALWAYS_SEARCH_USER_PATHS = NO;
				CLANG_ANALYZER_NONNULL = YES;
				CLANG_ANALYZER_NUMBER_OBJECT_CONVERSION = YES_AGGRESSIVE;
				CLANG_CXX_LANGUAGE_STANDARD = "gnu++20";
				CLANG_ENABLE_MODULES = YES;
				CLANG_ENABLE_OBJC_ARC = YES;
				CLANG_ENABLE_OBJC_WEAK = YES;
				CLANG_WARN_BLOCK_CAPTURE_AUTORELEASING = YES;
				CLANG_WARN_BOOL_CONVERSION = YES;
				CLANG_WARN_COMMA = YES;
				CLANG_WARN_CONSTANT_CONVERSION = YES;
				CLANG_WARN_DEPRECATED_OBJC_IMPLEMENTATIONS = YES;
				CLANG_WARN_DIRECT_OBJC_ISA_USAGE = YES_ERROR;
				CLANG_WARN_DOCUMENTATION_COMMENTS = YES;
				CLANG_WARN_EMPTY_BODY = YES;
				CLANG_WARN_ENUM_CONVERSION = YES;
				CLANG_WARN_INFINITE_RECURSION = YES;
				CLANG_WARN_INT_CONVERSION = YES;
				CLANG_WARN_NON_LITERAL_NULL_CONVERSION = YES;
				CLANG_WARN_OBJC_IMPLICIT_RETAIN_SELF = YES;
				CLANG_WARN_OBJC_LITERAL_CONVERSION = YES;
				CLANG_WARN_OBJC_ROOT_CLASS = YES_ERROR;
				CLANG_WARN_QUOTED_INCLUDE_IN_FRAMEWORK_HEADER = YES;
				CLANG_WARN_RANGE_LOOP_ANALYSIS = YES;
				CLANG_WARN_STRICT_PROTOTYPES = YES;
				CLANG_WARN_SUSPICIOUS_MOVE = YES;
				CLANG_WARN_UNGUARDED_AVAILABILITY = YES_AGGRESSIVE;
				CLANG_WARN_UNREACHABLE_CODE = YES;
				CLANG_WARN__DUPLICATE_METHOD_MATCH = YES;
				COPY_PHASE_STRIP = NO;
				DEBUG_INFORMATION_FORMAT = "dwarf-with-dsym";
				ENABLE_NS_ASSERTIONS = NO;
				ENABLE_STRICT_OBJC_MSGSEND = YES;
				GCC_C_LANGUAGE_STANDARD = gnu11;
				GCC_NO_COMMON_BLOCKS = YES;
				GCC_WARN_64_TO_32_BIT_CONVERSION = YES;
				GCC_WARN_ABOUT_RETURN_TYPE = YES_ERROR;
				GCC_WARN_UNDECLARED_SELECTOR = YES;
				GCC_WARN_UNINITIALIZED_AUTOS = YES_AGGRESSIVE;
				GCC_WARN_UNUSED_FUNCTION = YES;
				GCC_WARN_UNUSED_VARIABLE = YES;
				IPHONEOS_DEPLOYMENT_TARGET = 16.4;
				MTL_ENABLE_DEBUG_INFO = NO;
				MTL_FAST_MATH = YES;
				SDKROOT = iphoneos;
				SWIFT_COMPILATION_MODE = wholemodule;
				SWIFT_OPTIMIZATION_LEVEL = "-O";
				VALIDATE_PRODUCT = YES;
			};
			name = Release;
		};
		263B9B5F2A8E285800E81F3A /* Debug */ = {
			isa = XCBuildConfiguration;
			buildSettings = {
				ASSETCATALOG_COMPILER_APPICON_NAME = AppIcon;
				ASSETCATALOG_COMPILER_GLOBAL_ACCENT_COLOR_NAME = AccentColor;
				CODE_SIGN_STYLE = Automatic;
				CURRENT_PROJECT_VERSION = 1;
				GENERATE_INFOPLIST_FILE = YES;
				INFOPLIST_FILE = TMDBTVSeasonExample/Info.plist;
				INFOPLIST_KEY_UIApplicationSupportsIndirectInputEvents = YES;
				INFOPLIST_KEY_UILaunchStoryboardName = LaunchScreen;
				INFOPLIST_KEY_UIMainStoryboardFile = Main;
				INFOPLIST_KEY_UISupportedInterfaceOrientations_iPad = "UIInterfaceOrientationPortrait UIInterfaceOrientationPortraitUpsideDown UIInterfaceOrientationLandscapeLeft UIInterfaceOrientationLandscapeRight";
				INFOPLIST_KEY_UISupportedInterfaceOrientations_iPhone = "UIInterfaceOrientationPortrait UIInterfaceOrientationLandscapeLeft UIInterfaceOrientationLandscapeRight";
				LD_RUNPATH_SEARCH_PATHS = (
					"$(inherited)",
					"@executable_path/Frameworks",
				);
				MARKETING_VERSION = 1.0;
				PRODUCT_BUNDLE_IDENTIFIER = com.present.TMDBTVSeasonExample;
				PRODUCT_NAME = "$(TARGET_NAME)";
				SWIFT_EMIT_LOC_STRINGS = YES;
				SWIFT_VERSION = 5.0;
				TARGETED_DEVICE_FAMILY = "1,2";
			};
			name = Debug;
		};
		263B9B602A8E285800E81F3A /* Release */ = {
			isa = XCBuildConfiguration;
			buildSettings = {
				ASSETCATALOG_COMPILER_APPICON_NAME = AppIcon;
				ASSETCATALOG_COMPILER_GLOBAL_ACCENT_COLOR_NAME = AccentColor;
				CODE_SIGN_STYLE = Automatic;
				CURRENT_PROJECT_VERSION = 1;
				GENERATE_INFOPLIST_FILE = YES;
				INFOPLIST_FILE = TMDBTVSeasonExample/Info.plist;
				INFOPLIST_KEY_UIApplicationSupportsIndirectInputEvents = YES;
				INFOPLIST_KEY_UILaunchStoryboardName = LaunchScreen;
				INFOPLIST_KEY_UIMainStoryboardFile = Main;
				INFOPLIST_KEY_UISupportedInterfaceOrientations_iPad = "UIInterfaceOrientationPortrait UIInterfaceOrientationPortraitUpsideDown UIInterfaceOrientationLandscapeLeft UIInterfaceOrientationLandscapeRight";
				INFOPLIST_KEY_UISupportedInterfaceOrientations_iPhone = "UIInterfaceOrientationPortrait UIInterfaceOrientationLandscapeLeft UIInterfaceOrientationLandscapeRight";
				LD_RUNPATH_SEARCH_PATHS = (
					"$(inherited)",
					"@executable_path/Frameworks",
				);
				MARKETING_VERSION = 1.0;
				PRODUCT_BUNDLE_IDENTIFIER = com.present.TMDBTVSeasonExample;
				PRODUCT_NAME = "$(TARGET_NAME)";
				SWIFT_EMIT_LOC_STRINGS = YES;
				SWIFT_VERSION = 5.0;
				TARGETED_DEVICE_FAMILY = "1,2";
			};
			name = Release;
		};
/* End XCBuildConfiguration section */

/* Begin XCConfigurationList section */
		263B9B452A8E285600E81F3A /* Build configuration list for PBXProject "TMDBTVSeasonExample" */ = {
			isa = XCConfigurationList;
			buildConfigurations = (
				263B9B5C2A8E285800E81F3A /* Debug */,
				263B9B5D2A8E285800E81F3A /* Release */,
			);
			defaultConfigurationIsVisible = 0;
			defaultConfigurationName = Release;
		};
		263B9B5E2A8E285800E81F3A /* Build configuration list for PBXNativeTarget "TMDBTVSeasonExample" */ = {
			isa = XCConfigurationList;
			buildConfigurations = (
				263B9B5F2A8E285800E81F3A /* Debug */,
				263B9B602A8E285800E81F3A /* Release */,
			);
			defaultConfigurationIsVisible = 0;
			defaultConfigurationName = Release;
		};
/* End XCConfigurationList section */

/* Begin XCRemoteSwiftPackageReference section */
		263B9B6F2A8E2B2100E81F3A /* XCRemoteSwiftPackageReference "Alamofire" */ = {
			isa = XCRemoteSwiftPackageReference;
			repositoryURL = "https://github.com/Alamofire/Alamofire";
			requirement = {
				kind = upToNextMajorVersion;
				minimumVersion = 5.0.0;
			};
		};
		263B9B722A8E2B2B00E81F3A /* XCRemoteSwiftPackageReference "Kingfisher" */ = {
			isa = XCRemoteSwiftPackageReference;
			repositoryURL = "https://github.com/onevcat/Kingfisher.git";
			requirement = {
				kind = upToNextMajorVersion;
				minimumVersion = 7.0.0;
			};
		};
/* End XCRemoteSwiftPackageReference section */

/* Begin XCSwiftPackageProductDependency section */
		263B9B702A8E2B2100E81F3A /* Alamofire */ = {
			isa = XCSwiftPackageProductDependency;
			package = 263B9B6F2A8E2B2100E81F3A /* XCRemoteSwiftPackageReference "Alamofire" */;
			productName = Alamofire;
		};
		263B9B732A8E2B2B00E81F3A /* Kingfisher */ = {
			isa = XCSwiftPackageProductDependency;
			package = 263B9B722A8E2B2B00E81F3A /* XCRemoteSwiftPackageReference "Kingfisher" */;
			productName = Kingfisher;
		};
/* End XCSwiftPackageProductDependency section */
	};
	rootObject = 263B9B422A8E285600E81F3A /* Project object */;
}
